// !$*UTF8*$!
{
	archiveVersion = 1;
	classes = {
	};
	objectVersion = 46;
	objects = {

/* Begin PBXBuildFile section */
		7C308BB21F24F7A5008003FE /* CassiniViewController.swift in Sources */ = {isa = PBXBuildFile; fileRef = 7C308BB11F24F7A5008003FE /* CassiniViewController.swift */; };
		EEB1483B1F198D550035B3A0 /* AppDelegate.swift in Sources */ = {isa = PBXBuildFile; fileRef = EEB1483A1F198D550035B3A0 /* AppDelegate.swift */; };
		EEB148401F198D550035B3A0 /* Main.storyboard in Resources */ = {isa = PBXBuildFile; fileRef = EEB1483E1F198D550035B3A0 /* Main.storyboard */; };
		EEB148421F198D550035B3A0 /* Assets.xcassets in Resources */ = {isa = PBXBuildFile; fileRef = EEB148411F198D550035B3A0 /* Assets.xcassets */; };
		EEB148451F198D550035B3A0 /* LaunchScreen.storyboard in Resources */ = {isa = PBXBuildFile; fileRef = EEB148431F198D550035B3A0 /* LaunchScreen.storyboard */; };
		EEB1484E1F198DCA0035B3A0 /* ImageViewController.swift in Sources */ = {isa = PBXBuildFile; fileRef = EEB1484D1F198DCA0035B3A0 /* ImageViewController.swift */; };
		EEB148501F198F1B0035B3A0 /* DemoURL.swift in Sources */ = {isa = PBXBuildFile; fileRef = EEB1484F1F198F1B0035B3A0 /* DemoURL.swift */; };
/* End PBXBuildFile section */

/* Begin PBXFileReference section */
		7C308BB11F24F7A5008003FE /* CassiniViewController.swift */ = {isa = PBXFileReference; fileEncoding = 4; lastKnownFileType = sourcecode.swift; path = CassiniViewController.swift; sourceTree = "<group>"; };
		EEB148371F198D550035B3A0 /* Cassini.app */ = {isa = PBXFileReference; explicitFileType = wrapper.application; includeInIndex = 0; path = Cassini.app; sourceTree = BUILT_PRODUCTS_DIR; };
		EEB1483A1F198D550035B3A0 /* AppDelegate.swift */ = {isa = PBXFileReference; lastKnownFileType = sourcecode.swift; path = AppDelegate.swift; sourceTree = "<group>"; };
		EEB1483F1F198D550035B3A0 /* Base */ = {isa = PBXFileReference; lastKnownFileType = file.storyboard; name = Base; path = Base.lproj/Main.storyboard; sourceTree = "<group>"; };
		EEB148411F198D550035B3A0 /* Assets.xcassets */ = {isa = PBXFileReference; lastKnownFileType = folder.assetcatalog; path = Assets.xcassets; sourceTree = "<group>"; };
		EEB148441F198D550035B3A0 /* Base */ = {isa = PBXFileReference; lastKnownFileType = file.storyboard; name = Base; path = Base.lproj/LaunchScreen.storyboard; sourceTree = "<group>"; };
		EEB148461F198D550035B3A0 /* Info.plist */ = {isa = PBXFileReference; lastKnownFileType = text.plist.xml; path = Info.plist; sourceTree = "<group>"; };
		EEB1484D1F198DCA0035B3A0 /* ImageViewController.swift */ = {isa = PBXFileReference; fileEncoding = 4; lastKnownFileType = sourcecode.swift; path = ImageViewController.swift; sourceTree = "<group>"; };
		EEB1484F1F198F1B0035B3A0 /* DemoURL.swift */ = {isa = PBXFileReference; fileEncoding = 4; lastKnownFileType = sourcecode.swift; path = DemoURL.swift; sourceTree = "<group>"; };
/* End PBXFileReference section */

/* Begin PBXFrameworksBuildPhase section */
		EEB148341F198D550035B3A0 /* Frameworks */ = {
			isa = PBXFrameworksBuildPhase;
			buildActionMask = 2147483647;
			files = (
			);
			runOnlyForDeploymentPostprocessing = 0;
		};
/* End PBXFrameworksBuildPhase section */

/* Begin PBXGroup section */
		EEB1482E1F198D550035B3A0 = {
			isa = PBXGroup;
			children = (
				EEB148391F198D550035B3A0 /* Cassini */,
				EEB148381F198D550035B3A0 /* Products */,
			);
			sourceTree = "<group>";
		};
		EEB148381F198D550035B3A0 /* Products */ = {
			isa = PBXGroup;
			children = (
				EEB148371F198D550035B3A0 /* Cassini.app */,
			);
			name = Products;
			sourceTree = "<group>";
		};
		EEB148391F198D550035B3A0 /* Cassini */ = {
			isa = PBXGroup;
			children = (
				EEB1483E1F198D550035B3A0 /* Main.storyboard */,
				7C308BB11F24F7A5008003FE /* CassiniViewController.swift */,
				EEB1484D1F198DCA0035B3A0 /* ImageViewController.swift */,
				EEB1484F1F198F1B0035B3A0 /* DemoURL.swift */,
				EEB148461F198D550035B3A0 /* Info.plist */,
				EEB1484C1F198D870035B3A0 /* Supporting Files */,
			);
			path = Cassini;
			sourceTree = "<group>";
		};
		EEB1484C1F198D870035B3A0 /* Supporting Files */ = {
			isa = PBXGroup;
			children = (
				EEB1483A1F198D550035B3A0 /* AppDelegate.swift */,
				EEB148411F198D550035B3A0 /* Assets.xcassets */,
				EEB148431F198D550035B3A0 /* LaunchScreen.storyboard */,
			);
			name = "Supporting Files";
			sourceTree = "<group>";
		};
/* End PBXGroup section */

/* Begin PBXNativeTarget section */
		EEB148361F198D550035B3A0 /* Cassini */ = {
			isa = PBXNativeTarget;
			buildConfigurationList = EEB148491F198D550035B3A0 /* Build configuration list for PBXNativeTarget "Cassini" */;
			buildPhases = (
				EEB148331F198D550035B3A0 /* Sources */,
				EEB148341F198D550035B3A0 /* Frameworks */,
				EEB148351F198D550035B3A0 /* Resources */,
			);
			buildRules = (
			);
			dependencies = (
			);
			name = Cassini;
			productName = Cassini;
			productReference = EEB148371F198D550035B3A0 /* Cassini.app */;
			productType = "com.apple.product-type.application";
		};
/* End PBXNativeTarget section */

/* Begin PBXProject section */
		EEB1482F1F198D550035B3A0 /* Project object */ = {
			isa = PBXProject;
			attributes = {
				LastSwiftUpdateCheck = 0830;
				LastUpgradeCheck = 0830;
				ORGANIZATIONNAME = "Domo, Inc.";
				TargetAttributes = {
					EEB148361F198D550035B3A0 = {
						CreatedOnToolsVersion = 8.3.3;
						DevelopmentTeam = WU68TQFWSR;
						ProvisioningStyle = Automatic;
					};
				};
			};
			buildConfigurationList = EEB148321F198D550035B3A0 /* Build configuration list for PBXProject "Cassini" */;
			compatibilityVersion = "Xcode 3.2";
			developmentRegion = English;
			hasScannedForEncodings = 0;
			knownRegions = (
				en,
				Base,
			);
			mainGroup = EEB1482E1F198D550035B3A0;
			productRefGroup = EEB148381F198D550035B3A0 /* Products */;
			projectDirPath = "";
			projectRoot = "";
			targets = (
				EEB148361F198D550035B3A0 /* Cassini */,
			);
		};
/* End PBXProject section */

/* Begin PBXResourcesBuildPhase section */
		EEB148351F198D550035B3A0 /* Resources */ = {
			isa = PBXResourcesBuildPhase;
			buildActionMask = 2147483647;
			files = (
				EEB148451F198D550035B3A0 /* LaunchScreen.storyboard in Resources */,
				EEB148421F198D550035B3A0 /* Assets.xcassets in Resources */,
				EEB148401F198D550035B3A0 /* Main.storyboard in Resources */,
			);
			runOnlyForDeploymentPostprocessing = 0;
		};
/* End PBXResourcesBuildPhase section */

/* Begin PBXSourcesBuildPhase section */
		EEB148331F198D550035B3A0 /* Sources */ = {
			isa = PBXSourcesBuildPhase;
			buildActionMask = 2147483647;
			files = (
				EEB1484E1F198DCA0035B3A0 /* ImageViewController.swift in Sources */,
				EEB1483B1F198D550035B3A0 /* AppDelegate.swift in Sources */,
				EEB148501F198F1B0035B3A0 /* DemoURL.swift in Sources */,
				7C308BB21F24F7A5008003FE /* CassiniViewController.swift in Sources */,
			);
			runOnlyForDeploymentPostprocessing = 0;
		};
/* End PBXSourcesBuildPhase section */

/* Begin PBXVariantGroup section */
		EEB1483E1F198D550035B3A0 /* Main.storyboard */ = {
			isa = PBXVariantGroup;
			children = (
				EEB1483F1F198D550035B3A0 /* Base */,
			);
			name = Main.storyboard;
			sourceTree = "<group>";
		};
		EEB148431F198D550035B3A0 /* LaunchScreen.storyboard */ = {
			isa = PBXVariantGroup;
			children = (
				EEB148441F198D550035B3A0 /* Base */,
			);
			name = LaunchScreen.storyboard;
			sourceTree = "<group>";
		};
/* End PBXVariantGroup section */

/* Begin XCBuildConfiguration section */
		EEB148471F198D550035B3A0 /* Debug */ = {
			isa = XCBuildConfiguration;
			buildSettings = {
				ALWAYS_SEARCH_USER_PATHS = NO;
				CLANG_ANALYZER_NONNULL = YES;
				CLANG_ANALYZER_NUMBER_OBJECT_CONVERSION = YES_AGGRESSIVE;
				CLANG_CXX_LANGUAGE_STANDARD = "gnu++0x";
				CLANG_CXX_LIBRARY = "libc++";
				CLANG_ENABLE_MODULES = YES;
				CLANG_ENABLE_OBJC_ARC = YES;
				CLANG_WARN_BOOL_CONVERSION = YES;
				CLANG_WARN_CONSTANT_CONVERSION = YES;
				CLANG_WARN_DIRECT_OBJC_ISA_USAGE = YES_ERROR;
				CLANG_WARN_DOCUMENTATION_COMMENTS = YES;
				CLANG_WARN_EMPTY_BODY = YES;
				CLANG_WARN_ENUM_CONVERSION = YES;
				CLANG_WARN_INFINITE_RECURSION = YES;
				CLANG_WARN_INT_CONVERSION = YES;
				CLANG_WARN_OBJC_ROOT_CLASS = YES_ERROR;
				CLANG_WARN_SUSPICIOUS_MOVE = YES;
				CLANG_WARN_UNREACHABLE_CODE = YES;
				CLANG_WARN__DUPLICATE_METHOD_MATCH = YES;
				"CODE_SIGN_IDENTITY[sdk=iphoneos*]" = "iPhone Developer";
				COPY_PHASE_STRIP = NO;
				DEBUG_INFORMATION_FORMAT = dwarf;
				ENABLE_STRICT_OBJC_MSGSEND = YES;
				ENABLE_TESTABILITY = YES;
				GCC_C_LANGUAGE_STANDARD = gnu99;
				GCC_DYNAMIC_NO_PIC = NO;
				GCC_NO_COMMON_BLOCKS = YES;
				GCC_OPTIMIZATION_LEVEL = 0;
				GCC_PREPROCESSOR_DEFINITIONS = (
					"DEBUG=1",
					"$(inherited)",
				);
				GCC_WARN_64_TO_32_BIT_CONVERSION = YES;
				GCC_WARN_ABOUT_RETURN_TYPE = YES_ERROR;
				GCC_WARN_UNDECLARED_SELECTOR = YES;
				GCC_WARN_UNINITIALIZED_AUTOS = YES_AGGRESSIVE;
				GCC_WARN_UNUSED_FUNCTION = YES;
				GCC_WARN_UNUSED_VARIABLE = YES;
				IPHONEOS_DEPLOYMENT_TARGET = 10.3;
				MTL_ENABLE_DEBUG_INFO = YES;
				ONLY_ACTIVE_ARCH = YES;
				SDKROOT = iphoneos;
				SWIFT_ACTIVE_COMPILATION_CONDITIONS = DEBUG;
				SWIFT_OPTIMIZATION_LEVEL = "-Onone";
				TARGETED_DEVICE_FAMILY = "1,2";
			};
			name = Debug;
		};
		EEB148481F198D550035B3A0 /* Release */ = {
			isa = XCBuildConfiguration;
			buildSettings = {
				ALWAYS_SEARCH_USER_PATHS = NO;
				CLANG_ANALYZER_NONNULL = YES;
				CLANG_ANALYZER_NUMBER_OBJECT_CONVERSION = YES_AGGRESSIVE;
				CLANG_CXX_LANGUAGE_STANDARD = "gnu++0x";
				CLANG_CXX_LIBRARY = "libc++";
				CLANG_ENABLE_MODULES = YES;
				CLANG_ENABLE_OBJC_ARC = YES;
				CLANG_WARN_BOOL_CONVERSION = YES;
				CLANG_WARN_CONSTANT_CONVERSION = YES;
				CLANG_WARN_DIRECT_OBJC_ISA_USAGE = YES_ERROR;
				CLANG_WARN_DOCUMENTATION_COMMENTS = YES;
				CLANG_WARN_EMPTY_BODY = YES;
				CLANG_WARN_ENUM_CONVERSION = YES;
				CLANG_WARN_INFINITE_RECURSION = YES;
				CLANG_WARN_INT_CONVERSION = YES;
				CLANG_WARN_OBJC_ROOT_CLASS = YES_ERROR;
				CLANG_WARN_SUSPICIOUS_MOVE = YES;
				CLANG_WARN_UNREACHABLE_CODE = YES;
				CLANG_WARN__DUPLICATE_METHOD_MATCH = YES;
				"CODE_SIGN_IDENTITY[sdk=iphoneos*]" = "iPhone Developer";
				COPY_PHASE_STRIP = NO;
				DEBUG_INFORMATION_FORMAT = "dwarf-with-dsym";
				ENABLE_NS_ASSERTIONS = NO;
				ENABLE_STRICT_OBJC_MSGSEND = YES;
				GCC_C_LANGUAGE_STANDARD = gnu99;
				GCC_NO_COMMON_BLOCKS = YES;
				GCC_WARN_64_TO_32_BIT_CONVERSION = YES;
				GCC_WARN_ABOUT_RETURN_TYPE = YES_ERROR;
				GCC_WARN_UNDECLARED_SELECTOR = YES;
				GCC_WARN_UNINITIALIZED_AUTOS = YES_AGGRESSIVE;
				GCC_WARN_UNUSED_FUNCTION = YES;
				GCC_WARN_UNUSED_VARIABLE = YES;
				IPHONEOS_DEPLOYMENT_TARGET = 10.3;
				MTL_ENABLE_DEBUG_INFO = NO;
				SDKROOT = iphoneos;
				SWIFT_OPTIMIZATION_LEVEL = "-Owholemodule";
				TARGETED_DEVICE_FAMILY = "1,2";
				VALIDATE_PRODUCT = YES;
			};
			name = Release;
		};
		EEB1484A1F198D550035B3A0 /* Debug */ = {
			isa = XCBuildConfiguration;
			buildSettings = {
				ASSETCATALOG_COMPILER_APPICON_NAME = AppIcon;
				DEVELOPMENT_TEAM = WU68TQFWSR;
				INFOPLIST_FILE = Cassini/Info.plist;
				LD_RUNPATH_SEARCH_PATHS = "$(inherited) @executable_path/Frameworks";
				PRODUCT_BUNDLE_IDENTIFIER = com.domo.jacobjorgensen.Cassini;
				PRODUCT_NAME = "$(TARGET_NAME)";
				SWIFT_VERSION = 3.0;
			};
			name = Debug;
		};
		EEB1484B1F198D550035B3A0 /* Release */ = {
			isa = XCBuildConfiguration;
			buildSettings = {
				ASSETCATALOG_COMPILER_APPICON_NAME = AppIcon;
				DEVELOPMENT_TEAM = WU68TQFWSR;
				INFOPLIST_FILE = Cassini/Info.plist;
				LD_RUNPATH_SEARCH_PATHS = "$(inherited) @executable_path/Frameworks";
				PRODUCT_BUNDLE_IDENTIFIER = com.domo.jacobjorgensen.Cassini;
				PRODUCT_NAME = "$(TARGET_NAME)";
				SWIFT_VERSION = 3.0;
			};
			name = Release;
		};
/* End XCBuildConfiguration section */

/* Begin XCConfigurationList section */
		EEB148321F198D550035B3A0 /* Build configuration list for PBXProject "Cassini" */ = {
			isa = XCConfigurationList;
			buildConfigurations = (
				EEB148471F198D550035B3A0 /* Debug */,
				EEB148481F198D550035B3A0 /* Release */,
			);
			defaultConfigurationIsVisible = 0;
			defaultConfigurationName = Release;
		};
		EEB148491F198D550035B3A0 /* Build configuration list for PBXNativeTarget "Cassini" */ = {
			isa = XCConfigurationList;
			buildConfigurations = (
				EEB1484A1F198D550035B3A0 /* Debug */,
				EEB1484B1F198D550035B3A0 /* Release */,
			);
			defaultConfigurationIsVisible = 0;
			defaultConfigurationName = Release;
		};
/* End XCConfigurationList section */
	};
	rootObject = EEB1482F1F198D550035B3A0 /* Project object */;
}
